
Microsoft Visual Studio Solution File, Format Version 12.00
# Visual Studio Version 16
VisualStudioVersion = 16.0.31702.278
MinimumVisualStudioVersion = 10.0.40219.1
Project("{FAE04EC0-301F-11D3-BF4B-00C04F79EFBC}") = "FHackerMan", "FHackerMan\FHackerMan.csproj", "{0C951C11-5546-4858-856E-6D64744DE714}"
EndProject
Global
	GlobalSection(SolutionConfigurationPlatforms) = preSolution
		Debug|Any CPU = Debug|Any CPU
		Release|Any CPU = Release|Any CPU
	EndGlobalSection
	GlobalSection(ProjectConfigurationPlatforms) = postSolution
		{0C951C11-5546-4858-856E-6D64744DE714}.Debug|Any CPU.ActiveCfg = Debug|Any CPU
		{0C951C11-5546-4858-856E-6D64744DE714}.Debug|Any CPU.Build.0 = Debug|Any CPU
		{0C951C11-5546-4858-856E-6D64744DE714}.Release|Any CPU.ActiveCfg = Release|Any CPU
		{0C951C11-5546-4858-856E-6D64744DE714}.Release|Any CPU.Build.0 = Release|Any CPU
	EndGlobalSection
	GlobalSection(SolutionProperties) = preSolution
		HideSolutionNode = FALSE
	EndGlobalSection
	GlobalSection(ExtensibilityGlobals) = postSolution
		SolutionGuid = {8D9FAC4F-638D-4FEA-93BC-84516A98E6DA}
	EndGlobalSection
EndGlobal
